Microsoft Visual Studio Solution File, Format Version 9.00
# Visual Studio 2005
Project("{FAE04EC0-301F-11D3-BF4B-00C04F79EFBC}") = "CurrentObjectParameter.Module", "CurrentObjectParameter.Module\CurrentObjectParameter.Module.csproj", "{E3B642EA-E10A-4DBA-BEB9-F418BFD56B5C}"
	ProjectSection(WebsiteProperties) = preProject
		Debug.AspNetCompiler.Debug = "True"
		Release.AspNetCompiler.Debug = "False"
	EndProjectSection
EndProject
Project("{FAE04EC0-301F-11D3-BF4B-00C04F79EFBC}") = "CurrentObjectParameter.Web", "CurrentObjectParameter.Web\CurrentObjectParameter.Web.csproj", "{A953BDF5-FABB-4565-B50B-7FE0CF6A18D5}"
	ProjectSection(WebsiteProperties) = preProject
		Debug.AspNetCompiler.Debug = "True"
		Release.AspNetCompiler.Debug = "False"
	EndProjectSection
EndProject
Project("{FAE04EC0-301F-11D3-BF4B-00C04F79EFBC}") = "CurrentObjectParameter.Win", "CurrentObjectParameter.Win\CurrentObjectParameter.Win.csproj", "{2530C790-E325-4B53-8D09-BD6100EB884B}"
	ProjectSection(WebsiteProperties) = preProject
		Debug.AspNetCompiler.Debug = "True"
		Release.AspNetCompiler.Debug = "False"
	EndProjectSection
EndProject
Global
	GlobalSection(SolutionConfigurationPlatforms) = preSolution
		Debug|Any CPU = Debug|Any CPU
		Release|Any CPU = Release|Any CPU
	EndGlobalSection
	GlobalSection(ProjectConfigurationPlatforms) = postSolution
		{E3B642EA-E10A-4DBA-BEB9-F418BFD56B5C}.Debug|Any CPU.ActiveCfg = Debug|Any CPU
		{E3B642EA-E10A-4DBA-BEB9-F418BFD56B5C}.Debug|Any CPU.Build.0 = Debug|Any CPU
		{E3B642EA-E10A-4DBA-BEB9-F418BFD56B5C}.Release|Any CPU.ActiveCfg = Release|Any CPU
		{E3B642EA-E10A-4DBA-BEB9-F418BFD56B5C}.Release|Any CPU.Build.0 = Release|Any CPU
		{A953BDF5-FABB-4565-B50B-7FE0CF6A18D5}.Debug|Any CPU.ActiveCfg = Debug|Any CPU
		{A953BDF5-FABB-4565-B50B-7FE0CF6A18D5}.Debug|Any CPU.Build.0 = Debug|Any CPU
		{A953BDF5-FABB-4565-B50B-7FE0CF6A18D5}.Release|Any CPU.ActiveCfg = Release|Any CPU
		{A953BDF5-FABB-4565-B50B-7FE0CF6A18D5}.Release|Any CPU.Build.0 = Release|Any CPU
		{2530C790-E325-4B53-8D09-BD6100EB884B}.Debug|Any CPU.ActiveCfg = Debug|Any CPU
		{2530C790-E325-4B53-8D09-BD6100EB884B}.Debug|Any CPU.Build.0 = Debug|Any CPU
		{2530C790-E325-4B53-8D09-BD6100EB884B}.Release|Any CPU.ActiveCfg = Release|Any CPU
		{2530C790-E325-4B53-8D09-BD6100EB884B}.Release|Any CPU.Build.0 = Release|Any CPU
	EndGlobalSection
	GlobalSection(SolutionProperties) = preSolution
		HideSolutionNode = FALSE
	EndGlobalSection
EndGlobal
